// !$*UTF8*$!
{
	archiveVersion = 1;
	classes = {
	};
	objectVersion = 77;
	objects = {

/* Begin PBXBuildFile section */
		01956B3A41F537418B946EA5 /* ConnectionStore.swift in Sources */ = {isa = PBXBuildFile; fileRef = BD7958153A0D6130398CF5CD /* ConnectionStore.swift */; };
		0C053F8D35433616CD587EC2 /* ConnectionPoller.swift in Sources */ = {isa = PBXBuildFile; fileRef = D01B12A81921B0C5050C51D2 /* ConnectionPoller.swift */; };
		1A4670425B4CA76D2C3FEBC0 /* ConnectionFilters.swift in Sources */ = {isa = PBXBuildFile; fileRef = 80BA77C81DE97831B21943B4 /* ConnectionFilters.swift */; };
		76BF1DDA8C1C83B40A3DC16F /* ShowConnectionsApp.swift in Sources */ = {isa = PBXBuildFile; fileRef = 5AA9B44F5C1BEF599BF1F95E /* ShowConnectionsApp.swift */; };
		84E57711EDBA3E29DAE0256F /* KillConfirmSheet.swift in Sources */ = {isa = PBXBuildFile; fileRef = BCEE768DF35E1CE824F31549 /* KillConfirmSheet.swift */; };
		8542B81E43AB2FAB3979496D /* Connection.swift in Sources */ = {isa = PBXBuildFile; fileRef = 219AC154DCE3CF20071A63CD /* Connection.swift */; };
		96E9A30FAA9D8D4CF3690140 /* ConnectionPollerSmokeTests.swift in Sources */ = {isa = PBXBuildFile; fileRef = AD81EBCE05D6D00BED82D703 /* ConnectionPollerSmokeTests.swift */; };
		A0D9A4C660A5056BD2A57CC9 /* ProcessKiller.swift in Sources */ = {isa = PBXBuildFile; fileRef = C168BF4137A9A886CC468B3B /* ProcessKiller.swift */; };
		B22A5F34C296135EA31EC4A7 /* ConnectionFiltersTests.swift in Sources */ = {isa = PBXBuildFile; fileRef = E268B1147219ECD773BDF745 /* ConnectionFiltersTests.swift */; };
		CCB6971D2994E14BF996FE60 /* ContentView.swift in Sources */ = {isa = PBXBuildFile; fileRef = 50729452ED140FA1A7867AE1 /* ContentView.swift */; };
		F786BF8BBB31710DC05B4D75 /* Assets.xcassets in Resources */ = {isa = PBXBuildFile; fileRef = DEFACB968B332EA4B259E459 /* Assets.xcassets */; };
/* End PBXBuildFile section */

/* Begin PBXContainerItemProxy section */
		0E4A91E8A73581786D261627 /* PBXContainerItemProxy */ = {
			isa = PBXContainerItemProxy;
			containerPortal = 71AEA4ACAB58921846D505EC /* Project object */;
			proxyType = 1;
			remoteGlobalIDString = C3A09F998DAD0E83ECB1079F;
			remoteInfo = ShowConnections;
		};
/* End PBXContainerItemProxy section */

/* Begin PBXFileReference section */
		219AC154DCE3CF20071A63CD /* Connection.swift */ = {isa = PBXFileReference; lastKnownFileType = sourcecode.swift; path = Connection.swift; sourceTree = "<group>"; };
		26AF35ED2791FB2A3F4AC60A /* ShowConnections.app */ = {isa = PBXFileReference; explicitFileType = wrapper.application; includeInIndex = 0; path = ShowConnections.app; sourceTree = BUILT_PRODUCTS_DIR; };
		50729452ED140FA1A7867AE1 /* ContentView.swift */ = {isa = PBXFileReference; lastKnownFileType = sourcecode.swift; path = ContentView.swift; sourceTree = "<group>"; };
		5AA9B44F5C1BEF599BF1F95E /* ShowConnectionsApp.swift */ = {isa = PBXFileReference; lastKnownFileType = sourcecode.swift; path = ShowConnectionsApp.swift; sourceTree = "<group>"; };
		7357FFA38C205DB0FEEE7ACA /* ShowConnectionsTests.xctest */ = {isa = PBXFileReference; explicitFileType = wrapper.cfbundle; includeInIndex = 0; path = ShowConnectionsTests.xctest; sourceTree = BUILT_PRODUCTS_DIR; };
		80BA77C81DE97831B21943B4 /* ConnectionFilters.swift */ = {isa = PBXFileReference; lastKnownFileType = sourcecode.swift; path = ConnectionFilters.swift; sourceTree = "<group>"; };
		AD81EBCE05D6D00BED82D703 /* ConnectionPollerSmokeTests.swift */ = {isa = PBXFileReference; lastKnownFileType = sourcecode.swift; path = ConnectionPollerSmokeTests.swift; sourceTree = "<group>"; };
		BCEE768DF35E1CE824F31549 /* KillConfirmSheet.swift */ = {isa = PBXFileReference; lastKnownFileType = sourcecode.swift; path = KillConfirmSheet.swift; sourceTree = "<group>"; };
		BD7958153A0D6130398CF5CD /* ConnectionStore.swift */ = {isa = PBXFileReference; lastKnownFileType = sourcecode.swift; path = ConnectionStore.swift; sourceTree = "<group>"; };
		C168BF4137A9A886CC468B3B /* ProcessKiller.swift */ = {isa = PBXFileReference; lastKnownFileType = sourcecode.swift; path = ProcessKiller.swift; sourceTree = "<group>"; };
		D01B12A81921B0C5050C51D2 /* ConnectionPoller.swift */ = {isa = PBXFileReference; lastKnownFileType = sourcecode.swift; path = ConnectionPoller.swift; sourceTree = "<group>"; };
		DEFACB968B332EA4B259E459 /* Assets.xcassets */ = {isa = PBXFileReference; lastKnownFileType = folder.assetcatalog; path = Assets.xcassets; sourceTree = "<group>"; };
		E268B1147219ECD773BDF745 /* ConnectionFiltersTests.swift */ = {isa = PBXFileReference; lastKnownFileType = sourcecode.swift; path = ConnectionFiltersTests.swift; sourceTree = "<group>"; };
/* End PBXFileReference section */

/* Begin PBXGroup section */
		0CC4B29A07D1C65CAF5F2708 /* ShowConnections */ = {
			isa = PBXGroup;
			children = (
				5AA9B44F5C1BEF599BF1F95E /* ShowConnectionsApp.swift */,
				F9D6C45FD5824870A13D4E16 /* Models */,
				163E7267B1DC4868AA917B18 /* Resources */,
				6A05024F63CB9AE4ADAEA60D /* Services */,
				DCA033A9ECE0072104E8C7D8 /* Store */,
				EE83E4502BB5C421FB16842F /* Views */,
			);
			path = ShowConnections;
			sourceTree = "<group>";
		};
		163E7267B1DC4868AA917B18 /* Resources */ = {
			isa = PBXGroup;
			children = (
				DEFACB968B332EA4B259E459 /* Assets.xcassets */,
			);
			path = Resources;
			sourceTree = "<group>";
		};
		6A05024F63CB9AE4ADAEA60D /* Services */ = {
			isa = PBXGroup;
			children = (
				D01B12A81921B0C5050C51D2 /* ConnectionPoller.swift */,
				C168BF4137A9A886CC468B3B /* ProcessKiller.swift */,
			);
			path = Services;
			sourceTree = "<group>";
		};
		CE7921C07FAEBBC5E9A72481 = {
			isa = PBXGroup;
			children = (
				0CC4B29A07D1C65CAF5F2708 /* ShowConnections */,
				F7C9481BE77BE9C12A096F46 /* ShowConnectionsTests */,
				F3EA85CB9197218AE3B9B7F1 /* Products */,
			);
			sourceTree = "<group>";
		};
		DCA033A9ECE0072104E8C7D8 /* Store */ = {
			isa = PBXGroup;
			children = (
				BD7958153A0D6130398CF5CD /* ConnectionStore.swift */,
			);
			path = Store;
			sourceTree = "<group>";
		};
		EE83E4502BB5C421FB16842F /* Views */ = {
			isa = PBXGroup;
			children = (
				50729452ED140FA1A7867AE1 /* ContentView.swift */,
				BCEE768DF35E1CE824F31549 /* KillConfirmSheet.swift */,
			);
			path = Views;
			sourceTree = "<group>";
		};
		F3EA85CB9197218AE3B9B7F1 /* Products */ = {
			isa = PBXGroup;
			children = (
				26AF35ED2791FB2A3F4AC60A /* ShowConnections.app */,
				7357FFA38C205DB0FEEE7ACA /* ShowConnectionsTests.xctest */,
			);
			name = Products;
			sourceTree = "<group>";
		};
		F7C9481BE77BE9C12A096F46 /* ShowConnectionsTests */ = {
			isa = PBXGroup;
			children = (
				E268B1147219ECD773BDF745 /* ConnectionFiltersTests.swift */,
				AD81EBCE05D6D00BED82D703 /* ConnectionPollerSmokeTests.swift */,
			);
			path = ShowConnectionsTests;
			sourceTree = "<group>";
		};
		F9D6C45FD5824870A13D4E16 /* Models */ = {
			isa = PBXGroup;
			children = (
				219AC154DCE3CF20071A63CD /* Connection.swift */,
				80BA77C81DE97831B21943B4 /* ConnectionFilters.swift */,
			);
			path = Models;
			sourceTree = "<group>";
		};
/* End PBXGroup section */

/* Begin PBXNativeTarget section */
		C3A09F998DAD0E83ECB1079F /* ShowConnections */ = {
			isa = PBXNativeTarget;
			buildConfigurationList = A0671D2F07C5ED4093F5B7B8 /* Build configuration list for PBXNativeTarget "ShowConnections" */;
			buildPhases = (
				9B318274483DC4D59043C3CE /* Sources */,
				7ACBF316750DE2C5634A11E4 /* Resources */,
			);
			buildRules = (
			);
			dependencies = (
			);
			name = ShowConnections;
			packageProductDependencies = (
			);
			productName = ShowConnections;
			productReference = 26AF35ED2791FB2A3F4AC60A /* ShowConnections.app */;
			productType = "com.apple.product-type.application";
		};
		EC903CFF4C605A110C726B84 /* ShowConnectionsTests */ = {
			isa = PBXNativeTarget;
			buildConfigurationList = 09746C81C7ACBC4284DFE524 /* Build configuration list for PBXNativeTarget "ShowConnectionsTests" */;
			buildPhases = (
				938F7D9890D0601212BB41FE /* Sources */,
			);
			buildRules = (
			);
			dependencies = (
				BB387AF5DD11879AC947E85C /* PBXTargetDependency */,
			);
			name = ShowConnectionsTests;
			packageProductDependencies = (
			);
			productName = ShowConnectionsTests;
			productReference = 7357FFA38C205DB0FEEE7ACA /* ShowConnectionsTests.xctest */;
			productType = "com.apple.product-type.bundle.unit-test";
		};
/* End PBXNativeTarget section */

/* Begin PBXProject section */
		71AEA4ACAB58921846D505EC /* Project object */ = {
			isa = PBXProject;
			attributes = {
				BuildIndependentTargetsInParallel = YES;
				LastUpgradeCheck = 1430;
				TargetAttributes = {
				};
			};
			buildConfigurationList = 6EBAF62B1A0C466D357EB7A7 /* Build configuration list for PBXProject "ShowConnections" */;
			developmentRegion = en;
			hasScannedForEncodings = 0;
			knownRegions = (
				Base,
				en,
			);
			mainGroup = CE7921C07FAEBBC5E9A72481;
			minimizedProjectReferenceProxies = 1;
			preferredProjectObjectVersion = 77;
			productRefGroup = F3EA85CB9197218AE3B9B7F1 /* Products */;
			projectDirPath = "";
			projectRoot = "";
			targets = (
				C3A09F998DAD0E83ECB1079F /* ShowConnections */,
				EC903CFF4C605A110C726B84 /* ShowConnectionsTests */,
			);
		};
/* End PBXProject section */

/* Begin PBXResourcesBuildPhase section */
		7ACBF316750DE2C5634A11E4 /* Resources */ = {
			isa = PBXResourcesBuildPhase;
			buildActionMask = 2147483647;
			files = (
				F786BF8BBB31710DC05B4D75 /* Assets.xcassets in Resources */,
			);
			runOnlyForDeploymentPostprocessing = 0;
		};
/* End PBXResourcesBuildPhase section */

/* Begin PBXSourcesBuildPhase section */
		938F7D9890D0601212BB41FE /* Sources */ = {
			isa = PBXSourcesBuildPhase;
			buildActionMask = 2147483647;
			files = (
				B22A5F34C296135EA31EC4A7 /* ConnectionFiltersTests.swift in Sources */,
				96E9A30FAA9D8D4CF3690140 /* ConnectionPollerSmokeTests.swift in Sources */,
			);
			runOnlyForDeploymentPostprocessing = 0;
		};
		9B318274483DC4D59043C3CE /* Sources */ = {
			isa = PBXSourcesBuildPhase;
			buildActionMask = 2147483647;
			files = (
				8542B81E43AB2FAB3979496D /* Connection.swift in Sources */,
				1A4670425B4CA76D2C3FEBC0 /* ConnectionFilters.swift in Sources */,
				0C053F8D35433616CD587EC2 /* ConnectionPoller.swift in Sources */,
				01956B3A41F537418B946EA5 /* ConnectionStore.swift in Sources */,
				CCB6971D2994E14BF996FE60 /* ContentView.swift in Sources */,
				84E57711EDBA3E29DAE0256F /* KillConfirmSheet.swift in Sources */,
				A0D9A4C660A5056BD2A57CC9 /* ProcessKiller.swift in Sources */,
				76BF1DDA8C1C83B40A3DC16F /* ShowConnectionsApp.swift in Sources */,
			);
			runOnlyForDeploymentPostprocessing = 0;
		};
/* End PBXSourcesBuildPhase section */

/* Begin PBXTargetDependency section */
		BB387AF5DD11879AC947E85C /* PBXTargetDependency */ = {
			isa = PBXTargetDependency;
			target = C3A09F998DAD0E83ECB1079F /* ShowConnections */;
			targetProxy = 0E4A91E8A73581786D261627 /* PBXContainerItemProxy */;
		};
/* End PBXTargetDependency section */

/* Begin XCBuildConfiguration section */
		2674B262C443F8B5DA42CE0D /* Release */ = {
			isa = XCBuildConfiguration;
			buildSettings = {
				ALWAYS_SEARCH_USER_PATHS = NO;
				CLANG_ANALYZER_NONNULL = YES;
				CLANG_ANALYZER_NUMBER_OBJECT_CONVERSION = YES_AGGRESSIVE;
				CLANG_CXX_LANGUAGE_STANDARD = "gnu++14";
				CLANG_CXX_LIBRARY = "libc++";
				CLANG_ENABLE_MODULES = YES;
				CLANG_ENABLE_OBJC_ARC = YES;
				CLANG_ENABLE_OBJC_WEAK = YES;
				CLANG_WARN_BLOCK_CAPTURE_AUTORELEASING = YES;
				CLANG_WARN_BOOL_CONVERSION = YES;
				CLANG_WARN_COMMA = YES;
				CLANG_WARN_CONSTANT_CONVERSION = YES;
				CLANG_WARN_DEPRECATED_OBJC_IMPLEMENTATIONS = YES;
				CLANG_WARN_DIRECT_OBJC_ISA_USAGE = YES_ERROR;
				CLANG_WARN_DOCUMENTATION_COMMENTS = YES;
				CLANG_WARN_EMPTY_BODY = YES;
				CLANG_WARN_ENUM_CONVERSION = YES;
				CLANG_WARN_INFINITE_RECURSION = YES;
				CLANG_WARN_INT_CONVERSION = YES;
				CLANG_WARN_NON_LITERAL_NULL_CONVERSION = YES;
				CLANG_WARN_OBJC_IMPLICIT_RETAIN_SELF = YES;
				CLANG_WARN_OBJC_LITERAL_CONVERSION = YES;
				CLANG_WARN_OBJC_ROOT_CLASS = YES_ERROR;
				CLANG_WARN_QUOTED_INCLUDE_IN_FRAMEWORK_HEADER = YES;
				CLANG_WARN_RANGE_LOOP_ANALYSIS = YES;
				CLANG_WARN_STRICT_PROTOTYPES = YES;
				CLANG_WARN_SUSPICIOUS_MOVE = YES;
				CLANG_WARN_UNGUARDED_AVAILABILITY = YES_AGGRESSIVE;
				CLANG_WARN_UNREACHABLE_CODE = YES;
				CLANG_WARN__DUPLICATE_METHOD_MATCH = YES;
				COPY_PHASE_STRIP = NO;
				DEBUG_INFORMATION_FORMAT = "dwarf-with-dsym";
				ENABLE_NS_ASSERTIONS = NO;
				ENABLE_STRICT_OBJC_MSGSEND = YES;
				GCC_C_LANGUAGE_STANDARD = gnu11;
				GCC_NO_COMMON_BLOCKS = YES;
				GCC_WARN_64_TO_32_BIT_CONVERSION = YES;
				GCC_WARN_ABOUT_RETURN_TYPE = YES_ERROR;
				GCC_WARN_UNDECLARED_SELECTOR = YES;
				GCC_WARN_UNINITIALIZED_AUTOS = YES_AGGRESSIVE;
				GCC_WARN_UNUSED_FUNCTION = YES;
				GCC_WARN_UNUSED_VARIABLE = YES;
				MACOSX_DEPLOYMENT_TARGET = 14.0;
				MTL_ENABLE_DEBUG_INFO = NO;
				MTL_FAST_MATH = YES;
				PRODUCT_NAME = "$(TARGET_NAME)";
				SDKROOT = macosx;
				SWIFT_COMPILATION_MODE = wholemodule;
				SWIFT_OPTIMIZATION_LEVEL = "-O";
				SWIFT_VERSION = 6.0;
			};
			name = Release;
		};
		3149FF1CE4E6D6A64D0EFF4B /* Release */ = {
			isa = XCBuildConfiguration;
			buildSettings = {
				BUNDLE_LOADER = "$(TEST_HOST)";
				CODE_SIGN_IDENTITY = "-";
				COMBINE_HIDPI_IMAGES = YES;
				GENERATE_INFOPLIST_FILE = YES;
				LD_RUNPATH_SEARCH_PATHS = (
					"$(inherited)",
					"@executable_path/../Frameworks",
					"@loader_path/../Frameworks",
				);
				PRODUCT_BUNDLE_IDENTIFIER = com.showconnections.tests;
				SDKROOT = macosx;
				TEST_HOST = "$(BUILT_PRODUCTS_DIR)/ShowConnections.app/$(BUNDLE_EXECUTABLE_FOLDER_PATH)/ShowConnections";
			};
			name = Release;
		};
		6CE4E9DC2A30054755A4FA5A /* Debug */ = {
			isa = XCBuildConfiguration;
			buildSettings = {
				ALWAYS_SEARCH_USER_PATHS = NO;
				CLANG_ANALYZER_NONNULL = YES;
				CLANG_ANALYZER_NUMBER_OBJECT_CONVERSION = YES_AGGRESSIVE;
				CLANG_CXX_LANGUAGE_STANDARD = "gnu++14";
				CLANG_CXX_LIBRARY = "libc++";
				CLANG_ENABLE_MODULES = YES;
				CLANG_ENABLE_OBJC_ARC = YES;
				CLANG_ENABLE_OBJC_WEAK = YES;
				CLANG_WARN_BLOCK_CAPTURE_AUTORELEASING = YES;
				CLANG_WARN_BOOL_CONVERSION = YES;
				CLANG_WARN_COMMA = YES;
				CLANG_WARN_CONSTANT_CONVERSION = YES;
				CLANG_WARN_DEPRECATED_OBJC_IMPLEMENTATIONS = YES;
				CLANG_WARN_DIRECT_OBJC_ISA_USAGE = YES_ERROR;
				CLANG_WARN_DOCUMENTATION_COMMENTS = YES;
				CLANG_WARN_EMPTY_BODY = YES;
				CLANG_WARN_ENUM_CONVERSION = YES;
				CLANG_WARN_INFINITE_RECURSION = YES;
				CLANG_WARN_INT_CONVERSION = YES;
				CLANG_WARN_NON_LITERAL_NULL_CONVERSION = YES;
				CLANG_WARN_OBJC_IMPLICIT_RETAIN_SELF = YES;
				CLANG_WARN_OBJC_LITERAL_CONVERSION = YES;
				CLANG_WARN_OBJC_ROOT_CLASS = YES_ERROR;
				CLANG_WARN_QUOTED_INCLUDE_IN_FRAMEWORK_HEADER = YES;
				CLANG_WARN_RANGE_LOOP_ANALYSIS = YES;
				CLANG_WARN_STRICT_PROTOTYPES = YES;
				CLANG_WARN_SUSPICIOUS_MOVE = YES;
				CLANG_WARN_UNGUARDED_AVAILABILITY = YES_AGGRESSIVE;
				CLANG_WARN_UNREACHABLE_CODE = YES;
				CLANG_WARN__DUPLICATE_METHOD_MATCH = YES;
				COPY_PHASE_STRIP = NO;
				DEBUG_INFORMATION_FORMAT = dwarf;
				ENABLE_STRICT_OBJC_MSGSEND = YES;
				ENABLE_TESTABILITY = YES;
				GCC_C_LANGUAGE_STANDARD = gnu11;
				GCC_DYNAMIC_NO_PIC = NO;
				GCC_NO_COMMON_BLOCKS = YES;
				GCC_OPTIMIZATION_LEVEL = 0;
				GCC_PREPROCESSOR_DEFINITIONS = (
					"$(inherited)",
					"DEBUG=1",
				);
				GCC_WARN_64_TO_32_BIT_CONVERSION = YES;
				GCC_WARN_ABOUT_RETURN_TYPE = YES_ERROR;
				GCC_WARN_UNDECLARED_SELECTOR = YES;
				GCC_WARN_UNINITIALIZED_AUTOS = YES_AGGRESSIVE;
				GCC_WARN_UNUSED_FUNCTION = YES;
				GCC_WARN_UNUSED_VARIABLE = YES;
				MACOSX_DEPLOYMENT_TARGET = 14.0;
				MTL_ENABLE_DEBUG_INFO = INCLUDE_SOURCE;
				MTL_FAST_MATH = YES;
				ONLY_ACTIVE_ARCH = YES;
				PRODUCT_NAME = "$(TARGET_NAME)";
				SDKROOT = macosx;
				SWIFT_ACTIVE_COMPILATION_CONDITIONS = DEBUG;
				SWIFT_OPTIMIZATION_LEVEL = "-Onone";
				SWIFT_VERSION = 6.0;
			};
			name = Debug;
		};
		9F4FF8EEFA03EB078BBE9EAC /* Debug */ = {
			isa = XCBuildConfiguration;
			buildSettings = {
				AD_HOC_CODE_SIGNING_ALLOWED = YES;
				ASSETCATALOG_COMPILER_APPICON_NAME = AppIcon;
				CODE_SIGN_IDENTITY = "-";
				COMBINE_HIDPI_IMAGES = YES;
				GENERATE_INFOPLIST_FILE = NO;
				INFOPLIST_FILE = ShowConnections/Resources/Info.plist;
				LD_RUNPATH_SEARCH_PATHS = "@executable_path/../Frameworks";
				PRODUCT_BUNDLE_IDENTIFIER = com.showconnections.app;
				PRODUCT_NAME = ShowConnections;
				SDKROOT = macosx;
			};
			name = Debug;
		};
		CBF9E288C7BCE317510CB580 /* Release */ = {
			isa = XCBuildConfiguration;
			buildSettings = {
				AD_HOC_CODE_SIGNING_ALLOWED = YES;
				ASSETCATALOG_COMPILER_APPICON_NAME = AppIcon;
				CODE_SIGN_IDENTITY = "-";
				COMBINE_HIDPI_IMAGES = YES;
				GENERATE_INFOPLIST_FILE = NO;
				INFOPLIST_FILE = ShowConnections/Resources/Info.plist;
				LD_RUNPATH_SEARCH_PATHS = "@executable_path/../Frameworks";
				PRODUCT_BUNDLE_IDENTIFIER = com.showconnections.app;
				PRODUCT_NAME = ShowConnections;
				SDKROOT = macosx;
			};
			name = Release;
		};
		EE3ADDF0C66CB071F8270DA0 /* Debug */ = {
			isa = XCBuildConfiguration;
			buildSettings = {
				BUNDLE_LOADER = "$(TEST_HOST)";
				CODE_SIGN_IDENTITY = "-";
				COMBINE_HIDPI_IMAGES = YES;
				GENERATE_INFOPLIST_FILE = YES;
				LD_RUNPATH_SEARCH_PATHS = (
					"$(inherited)",
					"@executable_path/../Frameworks",
					"@loader_path/../Frameworks",
				);
				PRODUCT_BUNDLE_IDENTIFIER = com.showconnections.tests;
				SDKROOT = macosx;
				TEST_HOST = "$(BUILT_PRODUCTS_DIR)/ShowConnections.app/$(BUNDLE_EXECUTABLE_FOLDER_PATH)/ShowConnections";
			};
			name = Debug;
		};
/* End XCBuildConfiguration section */

/* Begin XCConfigurationList section */
		09746C81C7ACBC4284DFE524 /* Build configuration list for PBXNativeTarget "ShowConnectionsTests" */ = {
			isa = XCConfigurationList;
			buildConfigurations = (
				EE3ADDF0C66CB071F8270DA0 /* Debug */,
				3149FF1CE4E6D6A64D0EFF4B /* Release */,
			);
			defaultConfigurationIsVisible = 0;
			defaultConfigurationName = Debug;
		};
		6EBAF62B1A0C466D357EB7A7 /* Build configuration list for PBXProject "ShowConnections" */ = {
			isa = XCConfigurationList;
			buildConfigurations = (
				6CE4E9DC2A30054755A4FA5A /* Debug */,
				2674B262C443F8B5DA42CE0D /* Release */,
			);
			defaultConfigurationIsVisible = 0;
			defaultConfigurationName = Debug;
		};
		A0671D2F07C5ED4093F5B7B8 /* Build configuration list for PBXNativeTarget "ShowConnections" */ = {
			isa = XCConfigurationList;
			buildConfigurations = (
				9F4FF8EEFA03EB078BBE9EAC /* Debug */,
				CBF9E288C7BCE317510CB580 /* Release */,
			);
			defaultConfigurationIsVisible = 0;
			defaultConfigurationName = Debug;
		};
/* End XCConfigurationList section */
	};
	rootObject = 71AEA4ACAB58921846D505EC /* Project object */;
}
